
Microsoft Visual Studio Solution File, Format Version 9.00
# Visual Studio 2005
Project("{FAE04EC0-301F-11D3-BF4B-00C04F79EFBC}") = "OpenCVDotNet.Algorithms", "OpenCVDotNet.Algorithms.csproj", "{00F243A0-FCC4-48AE-A219-62EB8D74EEC2}"
EndProject
Global
	GlobalSection(SolutionConfigurationPlatforms) = preSolution
		Debug|Any CPU = Debug|Any CPU
		Release|Any CPU = Release|Any CPU
	EndGlobalSection
	GlobalSection(ProjectConfigurationPlatforms) = postSolution
		{00F243A0-FCC4-48AE-A219-62EB8D74EEC2}.Debug|Any CPU.ActiveCfg = Debug|Any CPU
		{00F243A0-FCC4-48AE-A219-62EB8D74EEC2}.Debug|Any CPU.Build.0 = Debug|Any CPU
		{00F243A0-FCC4-48AE-A219-62EB8D74EEC2}.Release|Any CPU.ActiveCfg = Release|Any CPU
		{00F243A0-FCC4-48AE-A219-62EB8D74EEC2}.Release|Any CPU.Build.0 = Release|Any CPU
	EndGlobalSection
	GlobalSection(SolutionProperties) = preSolution
		HideSolutionNode = FALSE
	EndGlobalSection
EndGlobal
