
Microsoft Visual Studio Solution File, Format Version 9.00
# Visual C# Express 2005
Project("{FAE04EC0-301F-11D3-BF4B-00C04F79EFBC}") = "Examples", "Examples.csproj", "{C2617B9B-3BD7-4B22-91C2-6DDA0DAFF323}"
EndProject
Project("{FAE04EC0-301F-11D3-BF4B-00C04F79EFBC}") = "OpenCVDotNet.UI", "..\src\OpenCVDotNet.UI\OpenCVDotNet.UI.csproj", "{D7A04B8D-BC53-4210-8424-8EE5C79EF3C2}"
EndProject
Global
	GlobalSection(SolutionConfigurationPlatforms) = preSolution
		Debug|Any CPU = Debug|Any CPU
		Release|Any CPU = Release|Any CPU
	EndGlobalSection
	GlobalSection(ProjectConfigurationPlatforms) = postSolution
		{C2617B9B-3BD7-4B22-91C2-6DDA0DAFF323}.Debug|Any CPU.ActiveCfg = Debug|Any CPU
		{C2617B9B-3BD7-4B22-91C2-6DDA0DAFF323}.Debug|Any CPU.Build.0 = Debug|Any CPU
		{C2617B9B-3BD7-4B22-91C2-6DDA0DAFF323}.Release|Any CPU.ActiveCfg = Release|Any CPU
		{C2617B9B-3BD7-4B22-91C2-6DDA0DAFF323}.Release|Any CPU.Build.0 = Release|Any CPU
		{D7A04B8D-BC53-4210-8424-8EE5C79EF3C2}.Debug|Any CPU.ActiveCfg = Debug|Any CPU
		{D7A04B8D-BC53-4210-8424-8EE5C79EF3C2}.Debug|Any CPU.Build.0 = Debug|Any CPU
		{D7A04B8D-BC53-4210-8424-8EE5C79EF3C2}.Release|Any CPU.ActiveCfg = Release|Any CPU
		{D7A04B8D-BC53-4210-8424-8EE5C79EF3C2}.Release|Any CPU.Build.0 = Release|Any CPU
	EndGlobalSection
	GlobalSection(SolutionProperties) = preSolution
		HideSolutionNode = FALSE
	EndGlobalSection
EndGlobal
